
Microsoft Visual Studio Solution File, Format Version 12.00
# Visual Studio Version 16
VisualStudioVersion = 16.0.29326.143
MinimumVisualStudioVersion = 10.0.40219.1
Project("{9A19103F-16F7-4668-BE54-9A1E7A4F7556}") = "HR.TA.SubscribeToInbox", "HR.TA.SubscribeToInbox\HR.TA.SubscribeToInbox.csproj", "{81511BB8-0F50-4ABA-BC76-7477C7778897}"
EndProject
Global
	GlobalSection(SolutionConfigurationPlatforms) = preSolution
		Debug|Any CPU = Debug|Any CPU
		Release|Any CPU = Release|Any CPU
	EndGlobalSection
	GlobalSection(ProjectConfigurationPlatforms) = postSolution
		{81511BB8-0F50-4ABA-BC76-7477C7778897}.Debug|Any CPU.ActiveCfg = Debug|Any CPU
		{81511BB8-0F50-4ABA-BC76-7477C7778897}.Debug|Any CPU.Build.0 = Debug|Any CPU
		{81511BB8-0F50-4ABA-BC76-7477C7778897}.Release|Any CPU.ActiveCfg = Release|Any CPU
		{81511BB8-0F50-4ABA-BC76-7477C7778897}.Release|Any CPU.Build.0 = Release|Any CPU
	EndGlobalSection
	GlobalSection(SolutionProperties) = preSolution
		HideSolutionNode = FALSE
	EndGlobalSection
	GlobalSection(ExtensibilityGlobals) = postSolution
		SolutionGuid = {2B6D1E69-3F17-49B7-BD83-114A1F6EB45A}
	EndGlobalSection
EndGlobal
