
Microsoft Visual Studio Solution File, Format Version 12.00
# Visual Studio Version 16
VisualStudioVersion = 16.0.29001.49
MinimumVisualStudioVersion = 10.0.40219.1
Project("{9A19103F-16F7-4668-BE54-9A1E7A4F7556}") = "CommonLibrary.Common", "TA.CommonLibrary.Common\CommonLibrary.Common.csproj", "{42BC0461-42CA-46C7-8BB6-A10CB258D472}"
EndProject
Project("{9A19103F-16F7-4668-BE54-9A1E7A4F7556}") = "CommonLibrary.Talent", "TA.CommonLibrary.Talent\CommonLibrary.Talent.csproj", "{1BE5ED7D-1A68-4ACE-A4C8-01E49958D64F}"
EndProject
Project("{2150E333-8FDC-42A3-9474-1A3956D46DE8}") = "SolutionItems", "SolutionItems", "{61F07E02-79BE-419A-89D9-B1071202F1F9}"
	ProjectSection(SolutionItems) = preProject
		Nuget.nuspec = Nuget.nuspec
	EndProjectSection
EndProject
Project("{9A19103F-16F7-4668-BE54-9A1E7A4F7556}") = "CommonLibrary.Data", "TA.CommonLibrary.Data\CommonLibrary.Data.csproj", "{EA8DE4DF-7183-4685-A49E-31FEE820EA01}"
EndProject
Project("{9A19103F-16F7-4668-BE54-9A1E7A4F7556}") = "CommonLibrary.CommonLibrary.UnitTest", "Ta.CommonLibrary.CommonLibrary.UnitTest\CommonLibrary.CommonLibrary.UnitTest.csproj", "{9D0B8A2C-B35E-4F2F-B6C8-E8203B93A1B7}"
EndProject
Project("{9A19103F-16F7-4668-BE54-9A1E7A4F7556}") = "CommonLibrary.BusinessLibrary", "TA.CommonLibrary.BusinessLibrary\CommonLibrary.BusinessLibrary.csproj", "{A8647C58-DC54-4317-A26D-5B93D721A600}"
EndProject
Global
	GlobalSection(SolutionConfigurationPlatforms) = preSolution
		Debug|Any CPU = Debug|Any CPU
		Release|Any CPU = Release|Any CPU
	EndGlobalSection
	GlobalSection(ProjectConfigurationPlatforms) = postSolution
		{42BC0461-42CA-46C7-8BB6-A10CB258D472}.Debug|Any CPU.ActiveCfg = Debug|Any CPU
		{42BC0461-42CA-46C7-8BB6-A10CB258D472}.Debug|Any CPU.Build.0 = Debug|Any CPU
		{42BC0461-42CA-46C7-8BB6-A10CB258D472}.Release|Any CPU.ActiveCfg = Release|Any CPU
		{42BC0461-42CA-46C7-8BB6-A10CB258D472}.Release|Any CPU.Build.0 = Release|Any CPU
		{1BE5ED7D-1A68-4ACE-A4C8-01E49958D64F}.Debug|Any CPU.ActiveCfg = Debug|Any CPU
		{1BE5ED7D-1A68-4ACE-A4C8-01E49958D64F}.Debug|Any CPU.Build.0 = Debug|Any CPU
		{1BE5ED7D-1A68-4ACE-A4C8-01E49958D64F}.Release|Any CPU.ActiveCfg = Release|Any CPU
		{1BE5ED7D-1A68-4ACE-A4C8-01E49958D64F}.Release|Any CPU.Build.0 = Release|Any CPU
		{EA8DE4DF-7183-4685-A49E-31FEE820EA01}.Debug|Any CPU.ActiveCfg = Debug|Any CPU
		{EA8DE4DF-7183-4685-A49E-31FEE820EA01}.Debug|Any CPU.Build.0 = Debug|Any CPU
		{EA8DE4DF-7183-4685-A49E-31FEE820EA01}.Release|Any CPU.ActiveCfg = Release|Any CPU
		{EA8DE4DF-7183-4685-A49E-31FEE820EA01}.Release|Any CPU.Build.0 = Release|Any CPU
		{9D0B8A2C-B35E-4F2F-B6C8-E8203B93A1B7}.Debug|Any CPU.ActiveCfg = Debug|Any CPU
		{9D0B8A2C-B35E-4F2F-B6C8-E8203B93A1B7}.Debug|Any CPU.Build.0 = Debug|Any CPU
		{9D0B8A2C-B35E-4F2F-B6C8-E8203B93A1B7}.Release|Any CPU.ActiveCfg = Release|Any CPU
		{9D0B8A2C-B35E-4F2F-B6C8-E8203B93A1B7}.Release|Any CPU.Build.0 = Release|Any CPU
		{A8647C58-DC54-4317-A26D-5B93D721A600}.Debug|Any CPU.ActiveCfg = Debug|Any CPU
		{A8647C58-DC54-4317-A26D-5B93D721A600}.Debug|Any CPU.Build.0 = Debug|Any CPU
		{A8647C58-DC54-4317-A26D-5B93D721A600}.Release|Any CPU.ActiveCfg = Release|Any CPU
		{A8647C58-DC54-4317-A26D-5B93D721A600}.Release|Any CPU.Build.0 = Release|Any CPU
	EndGlobalSection
	GlobalSection(SolutionProperties) = preSolution
		HideSolutionNode = FALSE
	EndGlobalSection
	GlobalSection(ExtensibilityGlobals) = postSolution
		SolutionGuid = {EE280BFE-4AF0-40D2-87F1-633083CC4D25}
	EndGlobalSection
EndGlobal
